// !$*UTF8*$!
{
	archiveVersion = 1;
	classes = {
	};
	objectVersion = 56;
	objects = {

/* Begin PBXBuildFile section */
		50201AFB2C70ECCD009E01C7 /* HeartRateMeasurementService.swift in Sources */ = {isa = PBXBuildFile; fileRef = 50201AFA2C70ECCD009E01C7 /* HeartRateMeasurementService.swift */; };
		50201AFE2C71A3E5009E01C7 /* DataService.swift in Sources */ = {isa = PBXBuildFile; fileRef = 50201AFD2C71A3E5009E01C7 /* DataService.swift */; };
		50201B002C71BB04009E01C7 /* RecordView.swift in Sources */ = {isa = PBXBuildFile; fileRef = 50201AFF2C71BB04009E01C7 /* RecordView.swift */; };
		5024204B2C8BEFD90019FDA5 /* WorkoutService.swift in Sources */ = {isa = PBXBuildFile; fileRef = 5024204A2C8BEFD90019FDA5 /* WorkoutService.swift */; };
		5045691F2C6FC06700D30BF3 /* start.mp3 in Resources */ = {isa = PBXBuildFile; fileRef = 5045691E2C6FC06700D30BF3 /* start.mp3 */; };
		504569202C6FC06700D30BF3 /* start.mp3 in Resources */ = {isa = PBXBuildFile; fileRef = 5045691E2C6FC06700D30BF3 /* start.mp3 */; };
		507233362CC4043B00ACB955 /* TimeChallengeView_StartView.swift in Sources */ = {isa = PBXBuildFile; fileRef = 507233352CC4043B00ACB955 /* TimeChallengeView_StartView.swift */; };
		5083BD4F2C7C70DF008D7493 /* JSONService.swift in Sources */ = {isa = PBXBuildFile; fileRef = 5083BD4E2C7C70DF008D7493 /* JSONService.swift */; };
		5084C02B2C8F3B54007CBB82 /* FrequencyChallengeView_StartView.swift in Sources */ = {isa = PBXBuildFile; fileRef = 5084C02A2C8F3B54007CBB82 /* FrequencyChallengeView_StartView.swift */; };
		50897C7E2C9F0F330094DA13 /* SettingView_AccelerationThresholdSetting.swift in Sources */ = {isa = PBXBuildFile; fileRef = 50897C7D2C9F0F330094DA13 /* SettingView_AccelerationThresholdSetting.swift */; };
		509405BB2C99A7C20000BF76 /* EdgeChallengeView.swift in Sources */ = {isa = PBXBuildFile; fileRef = 509405BA2C99A7C20000BF76 /* EdgeChallengeView.swift */; };
		509405BD2C99A99D0000BF76 /* EdgeChallengeView_StartView.swift in Sources */ = {isa = PBXBuildFile; fileRef = 509405BC2C99A99D0000BF76 /* EdgeChallengeView_StartView.swift */; };
		5098F2B32C74B93B00C94576 /* RecordView_InfoCard.swift in Sources */ = {isa = PBXBuildFile; fileRef = 5098F2B22C74B93B00C94576 /* RecordView_InfoCard.swift */; };
		5098F2B52C74C9E000C94576 /* SettingView.swift in Sources */ = {isa = PBXBuildFile; fileRef = 5098F2B42C74C9E000C94576 /* SettingView.swift */; };
		50AF8C502C69E038004A421C /* PlayNewNew Watch App.app in Embed Watch Content */ = {isa = PBXBuildFile; fileRef = 50AF8C4F2C69E038004A421C /* PlayNewNew Watch App.app */; settings = {ATTRIBUTES = (RemoveHeadersOnCopy, ); }; };
		50AF8C552C69E038004A421C /* PlayNewNewApp.swift in Sources */ = {isa = PBXBuildFile; fileRef = 50AF8C542C69E038004A421C /* PlayNewNewApp.swift */; };
		50AF8C572C69E038004A421C /* ContentView.swift in Sources */ = {isa = PBXBuildFile; fileRef = 50AF8C562C69E038004A421C /* ContentView.swift */; };
		50AF8C592C69E038004A421C /* Assets.xcassets in Resources */ = {isa = PBXBuildFile; fileRef = 50AF8C582C69E038004A421C /* Assets.xcassets */; };
		50AF8C5C2C69E038004A421C /* Preview Assets.xcassets in Resources */ = {isa = PBXBuildFile; fileRef = 50AF8C5B2C69E038004A421C /* Preview Assets.xcassets */; };
		50AF8C872C69EA8D004A421C /* naitang.ttf in Resources */ = {isa = PBXBuildFile; fileRef = 50AF8C862C69EA8D004A421C /* naitang.ttf */; };
		50AF8C882C69EA8D004A421C /* naitang.ttf in Resources */ = {isa = PBXBuildFile; fileRef = 50AF8C862C69EA8D004A421C /* naitang.ttf */; };
		50AF8C902C69F3DC004A421C /* PlayView.swift in Sources */ = {isa = PBXBuildFile; fileRef = 50AF8C8F2C69F3DC004A421C /* PlayView.swift */; };
		50B4C9D92C9A8754001F7BD0 /* bgm_ya.mp3 in Resources */ = {isa = PBXBuildFile; fileRef = 50B4C9D82C9A8754001F7BD0 /* bgm_ya.mp3 */; };
		50B4C9DA2C9A8754001F7BD0 /* bgm_ya.mp3 in Resources */ = {isa = PBXBuildFile; fileRef = 50B4C9D82C9A8754001F7BD0 /* bgm_ya.mp3 */; };
		50B4C9DC2C9A87B6001F7BD0 /* GoodNewsView.swift in Sources */ = {isa = PBXBuildFile; fileRef = 50B4C9DB2C9A87B6001F7BD0 /* GoodNewsView.swift */; };
		50D295A72C8E80AF0007CA4F /* ChallengeView.swift in Sources */ = {isa = PBXBuildFile; fileRef = 50D295A62C8E80AF0007CA4F /* ChallengeView.swift */; };
		50D295AA2C8E82070007CA4F /* FrequencyChallengeView.swift in Sources */ = {isa = PBXBuildFile; fileRef = 50D295A92C8E82070007CA4F /* FrequencyChallengeView.swift */; };
/* End PBXBuildFile section */

/* Begin PBXContainerItemProxy section */
		50AF8C512C69E038004A421C /* PBXContainerItemProxy */ = {
			isa = PBXContainerItemProxy;
			containerPortal = 50AF8C432C69E037004A421C /* Project object */;
			proxyType = 1;
			remoteGlobalIDString = 50AF8C4E2C69E038004A421C;
			remoteInfo = "PlayNewNew Watch App";
		};
/* End PBXContainerItemProxy section */

/* Begin PBXCopyFilesBuildPhase section */
		50AF8C782C69E039004A421C /* Embed Watch Content */ = {
			isa = PBXCopyFilesBuildPhase;
			buildActionMask = 2147483647;
			dstPath = "$(CONTENTS_FOLDER_PATH)/Watch";
			dstSubfolderSpec = 16;
			files = (
				50AF8C502C69E038004A421C /* PlayNewNew Watch App.app in Embed Watch Content */,
			);
			name = "Embed Watch Content";
			runOnlyForDeploymentPostprocessing = 0;
		};
/* End PBXCopyFilesBuildPhase section */

/* Begin PBXFileReference section */
		50201AFA2C70ECCD009E01C7 /* HeartRateMeasurementService.swift */ = {isa = PBXFileReference; lastKnownFileType = sourcecode.swift; path = HeartRateMeasurementService.swift; sourceTree = "<group>"; };
		50201AFD2C71A3E5009E01C7 /* DataService.swift */ = {isa = PBXFileReference; lastKnownFileType = sourcecode.swift; path = DataService.swift; sourceTree = "<group>"; };
		50201AFF2C71BB04009E01C7 /* RecordView.swift */ = {isa = PBXFileReference; lastKnownFileType = sourcecode.swift; path = RecordView.swift; sourceTree = "<group>"; };
		5024204A2C8BEFD90019FDA5 /* WorkoutService.swift */ = {isa = PBXFileReference; lastKnownFileType = sourcecode.swift; path = WorkoutService.swift; sourceTree = "<group>"; };
		5045691E2C6FC06700D30BF3 /* start.mp3 */ = {isa = PBXFileReference; lastKnownFileType = audio.mp3; path = start.mp3; sourceTree = "<group>"; };
		507233352CC4043B00ACB955 /* TimeChallengeView_StartView.swift */ = {isa = PBXFileReference; lastKnownFileType = sourcecode.swift; path = TimeChallengeView_StartView.swift; sourceTree = "<group>"; };
		5083BD4E2C7C70DF008D7493 /* JSONService.swift */ = {isa = PBXFileReference; lastKnownFileType = sourcecode.swift; path = JSONService.swift; sourceTree = "<group>"; };
		5084C02A2C8F3B54007CBB82 /* FrequencyChallengeView_StartView.swift */ = {isa = PBXFileReference; lastKnownFileType = sourcecode.swift; path = FrequencyChallengeView_StartView.swift; sourceTree = "<group>"; };
		50897C7D2C9F0F330094DA13 /* SettingView_AccelerationThresholdSetting.swift */ = {isa = PBXFileReference; lastKnownFileType = sourcecode.swift; path = SettingView_AccelerationThresholdSetting.swift; sourceTree = "<group>"; };
		509405BA2C99A7C20000BF76 /* EdgeChallengeView.swift */ = {isa = PBXFileReference; lastKnownFileType = sourcecode.swift; path = EdgeChallengeView.swift; sourceTree = "<group>"; };
		509405BC2C99A99D0000BF76 /* EdgeChallengeView_StartView.swift */ = {isa = PBXFileReference; lastKnownFileType = sourcecode.swift; path = EdgeChallengeView_StartView.swift; sourceTree = "<group>"; };
		5098F2B22C74B93B00C94576 /* RecordView_InfoCard.swift */ = {isa = PBXFileReference; lastKnownFileType = sourcecode.swift; path = RecordView_InfoCard.swift; sourceTree = "<group>"; };
		5098F2B42C74C9E000C94576 /* SettingView.swift */ = {isa = PBXFileReference; lastKnownFileType = sourcecode.swift; path = SettingView.swift; sourceTree = "<group>"; };
		50AF8C492C69E037004A421C /* PlayNewNew.app */ = {isa = PBXFileReference; explicitFileType = wrapper.application; includeInIndex = 0; path = PlayNewNew.app; sourceTree = BUILT_PRODUCTS_DIR; };
		50AF8C4F2C69E038004A421C /* PlayNewNew Watch App.app */ = {isa = PBXFileReference; explicitFileType = wrapper.application; includeInIndex = 0; path = "PlayNewNew Watch App.app"; sourceTree = BUILT_PRODUCTS_DIR; };
		50AF8C542C69E038004A421C /* PlayNewNewApp.swift */ = {isa = PBXFileReference; lastKnownFileType = sourcecode.swift; path = PlayNewNewApp.swift; sourceTree = "<group>"; };
		50AF8C562C69E038004A421C /* ContentView.swift */ = {isa = PBXFileReference; lastKnownFileType = sourcecode.swift; path = ContentView.swift; sourceTree = "<group>"; };
		50AF8C582C69E038004A421C /* Assets.xcassets */ = {isa = PBXFileReference; lastKnownFileType = folder.assetcatalog; path = Assets.xcassets; sourceTree = "<group>"; };
		50AF8C5B2C69E038004A421C /* Preview Assets.xcassets */ = {isa = PBXFileReference; lastKnownFileType = folder.assetcatalog; path = "Preview Assets.xcassets"; sourceTree = "<group>"; };
		50AF8C852C69EA4E004A421C /* PlayNewNew-Watch-App-Info.plist */ = {isa = PBXFileReference; lastKnownFileType = text.plist; path = "PlayNewNew-Watch-App-Info.plist"; sourceTree = SOURCE_ROOT; };
		50AF8C862C69EA8D004A421C /* naitang.ttf */ = {isa = PBXFileReference; lastKnownFileType = file; path = naitang.ttf; sourceTree = "<group>"; };
		50AF8C8F2C69F3DC004A421C /* PlayView.swift */ = {isa = PBXFileReference; lastKnownFileType = sourcecode.swift; path = PlayView.swift; sourceTree = "<group>"; };
		50B157392C70AE8500808096 /* PlayNewNew Watch App.entitlements */ = {isa = PBXFileReference; lastKnownFileType = text.plist.entitlements; path = "PlayNewNew Watch App.entitlements"; sourceTree = "<group>"; };
		50B4C9D82C9A8754001F7BD0 /* bgm_ya.mp3 */ = {isa = PBXFileReference; lastKnownFileType = audio.mp3; path = bgm_ya.mp3; sourceTree = "<group>"; };
		50B4C9DB2C9A87B6001F7BD0 /* GoodNewsView.swift */ = {isa = PBXFileReference; lastKnownFileType = sourcecode.swift; path = GoodNewsView.swift; sourceTree = "<group>"; };
		50D295A62C8E80AF0007CA4F /* ChallengeView.swift */ = {isa = PBXFileReference; lastKnownFileType = sourcecode.swift; path = ChallengeView.swift; sourceTree = "<group>"; };
		50D295A92C8E82070007CA4F /* FrequencyChallengeView.swift */ = {isa = PBXFileReference; lastKnownFileType = sourcecode.swift; path = FrequencyChallengeView.swift; sourceTree = "<group>"; };
		B8128A712DECC1E000A45E4C /* LICENSE.txt */ = {isa = PBXFileReference; lastKnownFileType = text; path = LICENSE.txt; sourceTree = "<group>"; };
		B870817A2DECC0A900E25656 /* image.png */ = {isa = PBXFileReference; lastKnownFileType = image.png; path = image.png; sourceTree = "<group>"; };
		B870817B2DECC0A900E25656 /* image-1.png */ = {isa = PBXFileReference; lastKnownFileType = image.png; path = "image-1.png"; sourceTree = "<group>"; };
		B870817C2DECC0A900E25656 /* README.md */ = {isa = PBXFileReference; lastKnownFileType = net.daringfireball.markdown; path = README.md; sourceTree = "<group>"; };
/* End PBXFileReference section */

/* Begin PBXFrameworksBuildPhase section */
		50AF8C4C2C69E038004A421C /* Frameworks */ = {
			isa = PBXFrameworksBuildPhase;
			buildActionMask = 2147483647;
			files = (
			);
			runOnlyForDeploymentPostprocessing = 0;
		};
/* End PBXFrameworksBuildPhase section */

/* Begin PBXGroup section */
		50201AF92C70EC83009E01C7 /* Services */ = {
			isa = PBXGroup;
			children = (
				50201AFA2C70ECCD009E01C7 /* HeartRateMeasurementService.swift */,
				50201AFD2C71A3E5009E01C7 /* DataService.swift */,
				5083BD4E2C7C70DF008D7493 /* JSONService.swift */,
				5024204A2C8BEFD90019FDA5 /* WorkoutService.swift */,
			);
			path = Services;
			sourceTree = "<group>";
		};
		50897C7A2C9F0EF20094DA13 /* SettingView */ = {
			isa = PBXGroup;
			children = (
				50897C7D2C9F0F330094DA13 /* SettingView_AccelerationThresholdSetting.swift */,
			);
			path = SettingView;
			sourceTree = "<group>";
		};
		5098F2B12C74B92200C94576 /* RecordView */ = {
			isa = PBXGroup;
			children = (
				5098F2B22C74B93B00C94576 /* RecordView_InfoCard.swift */,
			);
			path = RecordView;
			sourceTree = "<group>";
		};
		50AF8C422C69E037004A421C = {
			isa = PBXGroup;
			children = (
				B8128A712DECC1E000A45E4C /* LICENSE.txt */,
				B870817A2DECC0A900E25656 /* image.png */,
				B870817B2DECC0A900E25656 /* image-1.png */,
				B870817C2DECC0A900E25656 /* README.md */,
				50AF8C532C69E038004A421C /* PlayNewNew Watch App */,
				50AF8C4A2C69E037004A421C /* Products */,
			);
			sourceTree = "<group>";
		};
		50AF8C4A2C69E037004A421C /* Products */ = {
			isa = PBXGroup;
			children = (
				50AF8C492C69E037004A421C /* PlayNewNew.app */,
				50AF8C4F2C69E038004A421C /* PlayNewNew Watch App.app */,
			);
			name = Products;
			sourceTree = "<group>";
		};
		50AF8C532C69E038004A421C /* PlayNewNew Watch App */ = {
			isa = PBXGroup;
			children = (
				50201AF92C70EC83009E01C7 /* Services */,
				50B157392C70AE8500808096 /* PlayNewNew Watch App.entitlements */,
				50E2F58F2C6FB6C200296991 /* Sounds */,
				50AF8C8E2C69F3C8004A421C /* Views */,
				50AF8C892C69EBAC004A421C /* Controls */,
				50AF8C852C69EA4E004A421C /* PlayNewNew-Watch-App-Info.plist */,
				50AF8C822C69E949004A421C /* Fonts */,
				50AF8C542C69E038004A421C /* PlayNewNewApp.swift */,
				50AF8C562C69E038004A421C /* ContentView.swift */,
				50AF8C582C69E038004A421C /* Assets.xcassets */,
				50AF8C5A2C69E038004A421C /* Preview Content */,
			);
			path = "PlayNewNew Watch App";
			sourceTree = "<group>";
		};
		50AF8C5A2C69E038004A421C /* Preview Content */ = {
			isa = PBXGroup;
			children = (
				50AF8C5B2C69E038004A421C /* Preview Assets.xcassets */,
			);
			path = "Preview Content";
			sourceTree = "<group>";
		};
		50AF8C822C69E949004A421C /* Fonts */ = {
			isa = PBXGroup;
			children = (
				50AF8C862C69EA8D004A421C /* naitang.ttf */,
			);
			path = Fonts;
			sourceTree = "<group>";
		};
		50AF8C892C69EBAC004A421C /* Controls */ = {
			isa = PBXGroup;
			children = (
				5098F2B12C74B92200C94576 /* RecordView */,
			);
			path = Controls;
			sourceTree = "<group>";
		};
		50AF8C8E2C69F3C8004A421C /* Views */ = {
			isa = PBXGroup;
			children = (
				50897C7A2C9F0EF20094DA13 /* SettingView */,
				50D295A82C8E81E80007CA4F /* ChallengeViews */,
				50AF8C8F2C69F3DC004A421C /* PlayView.swift */,
				50201AFF2C71BB04009E01C7 /* RecordView.swift */,
				5098F2B42C74C9E000C94576 /* SettingView.swift */,
				50D295A62C8E80AF0007CA4F /* ChallengeView.swift */,
				50B4C9DB2C9A87B6001F7BD0 /* GoodNewsView.swift */,
			);
			path = Views;
			sourceTree = "<group>";
		};
		50D295A82C8E81E80007CA4F /* ChallengeViews */ = {
			isa = PBXGroup;
			children = (
				50D295A92C8E82070007CA4F /* FrequencyChallengeView.swift */,
				5084C02A2C8F3B54007CBB82 /* FrequencyChallengeView_StartView.swift */,
				509405BA2C99A7C20000BF76 /* EdgeChallengeView.swift */,
				509405BC2C99A99D0000BF76 /* EdgeChallengeView_StartView.swift */,
				507233352CC4043B00ACB955 /* TimeChallengeView_StartView.swift */,
			);
			path = ChallengeViews;
			sourceTree = "<group>";
		};
		50E2F58F2C6FB6C200296991 /* Sounds */ = {
			isa = PBXGroup;
			children = (
				50B4C9D82C9A8754001F7BD0 /* bgm_ya.mp3 */,
				5045691E2C6FC06700D30BF3 /* start.mp3 */,
			);
			path = Sounds;
			sourceTree = "<group>";
		};
/* End PBXGroup section */

/* Begin PBXNativeTarget section */
		50AF8C482C69E037004A421C /* PlayNewNew */ = {
			isa = PBXNativeTarget;
			buildConfigurationList = 50AF8C792C69E039004A421C /* Build configuration list for PBXNativeTarget "PlayNewNew" */;
			buildPhases = (
				50AF8C472C69E037004A421C /* Resources */,
				50AF8C782C69E039004A421C /* Embed Watch Content */,
			);
			buildRules = (
			);
			dependencies = (
				50AF8C522C69E038004A421C /* PBXTargetDependency */,
			);
			name = PlayNewNew;
			productName = PlayNewNew;
			productReference = 50AF8C492C69E037004A421C /* PlayNewNew.app */;
			productType = "com.apple.product-type.application.watchapp2-container";
		};
		50AF8C4E2C69E038004A421C /* PlayNewNew Watch App */ = {
			isa = PBXNativeTarget;
			buildConfigurationList = 50AF8C752C69E039004A421C /* Build configuration list for PBXNativeTarget "PlayNewNew Watch App" */;
			buildPhases = (
				50AF8C4B2C69E038004A421C /* Sources */,
				50AF8C4C2C69E038004A421C /* Frameworks */,
				50AF8C4D2C69E038004A421C /* Resources */,
			);
			buildRules = (
			);
			dependencies = (
			);
			name = "PlayNewNew Watch App";
			packageProductDependencies = (
			);
			productName = "PlayNewNew Watch App";
			productReference = 50AF8C4F2C69E038004A421C /* PlayNewNew Watch App.app */;
			productType = "com.apple.product-type.application";
		};
/* End PBXNativeTarget section */

/* Begin PBXProject section */
		50AF8C432C69E037004A421C /* Project object */ = {
			isa = PBXProject;
			attributes = {
				BuildIndependentTargetsInParallel = 1;
				LastSwiftUpdateCheck = 1540;
				LastUpgradeCheck = 1540;
				TargetAttributes = {
					50AF8C482C69E037004A421C = {
						CreatedOnToolsVersion = 15.4;
						LastSwiftMigration = 1540;
					};
					50AF8C4E2C69E038004A421C = {
						CreatedOnToolsVersion = 15.4;
					};
				};
			};
			buildConfigurationList = 50AF8C462C69E037004A421C /* Build configuration list for PBXProject "PlayNewNew" */;
			compatibilityVersion = "Xcode 14.0";
			developmentRegion = en;
			hasScannedForEncodings = 0;
			knownRegions = (
				en,
				Base,
			);
			mainGroup = 50AF8C422C69E037004A421C;
			packageReferences = (
			);
			productRefGroup = 50AF8C4A2C69E037004A421C /* Products */;
			projectDirPath = "";
			projectRoot = "";
			targets = (
				50AF8C482C69E037004A421C /* PlayNewNew */,
				50AF8C4E2C69E038004A421C /* PlayNewNew Watch App */,
			);
		};
/* End PBXProject section */

/* Begin PBXResourcesBuildPhase section */
		50AF8C472C69E037004A421C /* Resources */ = {
			isa = PBXResourcesBuildPhase;
			buildActionMask = 2147483647;
			files = (
				5045691F2C6FC06700D30BF3 /* start.mp3 in Resources */,
				50AF8C872C69EA8D004A421C /* naitang.ttf in Resources */,
				50B4C9D92C9A8754001F7BD0 /* bgm_ya.mp3 in Resources */,
			);
			runOnlyForDeploymentPostprocessing = 0;
		};
		50AF8C4D2C69E038004A421C /* Resources */ = {
			isa = PBXResourcesBuildPhase;
			buildActionMask = 2147483647;
			files = (
				50AF8C5C2C69E038004A421C /* Preview Assets.xcassets in Resources */,
				504569202C6FC06700D30BF3 /* start.mp3 in Resources */,
				50AF8C882C69EA8D004A421C /* naitang.ttf in Resources */,
				50AF8C592C69E038004A421C /* Assets.xcassets in Resources */,
				50B4C9DA2C9A8754001F7BD0 /* bgm_ya.mp3 in Resources */,
			);
			runOnlyForDeploymentPostprocessing = 0;
		};
/* End PBXResourcesBuildPhase section */

/* Begin PBXSourcesBuildPhase section */
		50AF8C4B2C69E038004A421C /* Sources */ = {
			isa = PBXSourcesBuildPhase;
			buildActionMask = 2147483647;
			files = (
				5024204B2C8BEFD90019FDA5 /* WorkoutService.swift in Sources */,
				509405BD2C99A99D0000BF76 /* EdgeChallengeView_StartView.swift in Sources */,
				507233362CC4043B00ACB955 /* TimeChallengeView_StartView.swift in Sources */,
				50B4C9DC2C9A87B6001F7BD0 /* GoodNewsView.swift in Sources */,
				509405BB2C99A7C20000BF76 /* EdgeChallengeView.swift in Sources */,
				50AF8C902C69F3DC004A421C /* PlayView.swift in Sources */,
				50201B002C71BB04009E01C7 /* RecordView.swift in Sources */,
				50201AFB2C70ECCD009E01C7 /* HeartRateMeasurementService.swift in Sources */,
				5098F2B32C74B93B00C94576 /* RecordView_InfoCard.swift in Sources */,
				50897C7E2C9F0F330094DA13 /* SettingView_AccelerationThresholdSetting.swift in Sources */,
				50AF8C572C69E038004A421C /* ContentView.swift in Sources */,
				5098F2B52C74C9E000C94576 /* SettingView.swift in Sources */,
				50D295A72C8E80AF0007CA4F /* ChallengeView.swift in Sources */,
				50AF8C552C69E038004A421C /* PlayNewNewApp.swift in Sources */,
				5083BD4F2C7C70DF008D7493 /* JSONService.swift in Sources */,
				50201AFE2C71A3E5009E01C7 /* DataService.swift in Sources */,
				50D295AA2C8E82070007CA4F /* FrequencyChallengeView.swift in Sources */,
				5084C02B2C8F3B54007CBB82 /* FrequencyChallengeView_StartView.swift in Sources */,
			);
			runOnlyForDeploymentPostprocessing = 0;
		};
/* End PBXSourcesBuildPhase section */

/* Begin PBXTargetDependency section */
		50AF8C522C69E038004A421C /* PBXTargetDependency */ = {
			isa = PBXTargetDependency;
			target = 50AF8C4E2C69E038004A421C /* PlayNewNew Watch App */;
			targetProxy = 50AF8C512C69E038004A421C /* PBXContainerItemProxy */;
		};
/* End PBXTargetDependency section */

/* Begin XCBuildConfiguration section */
		50AF8C732C69E039004A421C /* Debug */ = {
			isa = XCBuildConfiguration;
			buildSettings = {
				ALWAYS_SEARCH_USER_PATHS = NO;
				ASSETCATALOG_COMPILER_GENERATE_SWIFT_ASSET_SYMBOL_EXTENSIONS = YES;
				CLANG_ANALYZER_NONNULL = YES;
				CLANG_ANALYZER_NUMBER_OBJECT_CONVERSION = YES_AGGRESSIVE;
				CLANG_CXX_LANGUAGE_STANDARD = "gnu++20";
				CLANG_ENABLE_MODULES = YES;
				CLANG_ENABLE_OBJC_ARC = YES;
				CLANG_ENABLE_OBJC_WEAK = YES;
				CLANG_WARN_BLOCK_CAPTURE_AUTORELEASING = YES;
				CLANG_WARN_BOOL_CONVERSION = YES;
				CLANG_WARN_COMMA = YES;
				CLANG_WARN_CONSTANT_CONVERSION = YES;
				CLANG_WARN_DEPRECATED_OBJC_IMPLEMENTATIONS = YES;
				CLANG_WARN_DIRECT_OBJC_ISA_USAGE = YES_ERROR;
				CLANG_WARN_DOCUMENTATION_COMMENTS = YES;
				CLANG_WARN_EMPTY_BODY = YES;
				CLANG_WARN_ENUM_CONVERSION = YES;
				CLANG_WARN_INFINITE_RECURSION = YES;
				CLANG_WARN_INT_CONVERSION = YES;
				CLANG_WARN_NON_LITERAL_NULL_CONVERSION = YES;
				CLANG_WARN_OBJC_IMPLICIT_RETAIN_SELF = YES;
				CLANG_WARN_OBJC_LITERAL_CONVERSION = YES;
				CLANG_WARN_OBJC_ROOT_CLASS = YES_ERROR;
				CLANG_WARN_QUOTED_INCLUDE_IN_FRAMEWORK_HEADER = YES;
				CLANG_WARN_RANGE_LOOP_ANALYSIS = YES;
				CLANG_WARN_STRICT_PROTOTYPES = YES;
				CLANG_WARN_SUSPICIOUS_MOVE = YES;
				CLANG_WARN_UNGUARDED_AVAILABILITY = YES_AGGRESSIVE;
				CLANG_WARN_UNREACHABLE_CODE = YES;
				CLANG_WARN__DUPLICATE_METHOD_MATCH = YES;
				COPY_PHASE_STRIP = NO;
				DEBUG_INFORMATION_FORMAT = dwarf;
				ENABLE_STRICT_OBJC_MSGSEND = YES;
				ENABLE_TESTABILITY = YES;
				ENABLE_USER_SCRIPT_SANDBOXING = YES;
				GCC_C_LANGUAGE_STANDARD = gnu17;
				GCC_DYNAMIC_NO_PIC = NO;
				GCC_NO_COMMON_BLOCKS = YES;
				GCC_OPTIMIZATION_LEVEL = 0;
				GCC_PREPROCESSOR_DEFINITIONS = (
					"DEBUG=1",
					"$(inherited)",
				);
				GCC_WARN_64_TO_32_BIT_CONVERSION = YES;
				GCC_WARN_ABOUT_RETURN_TYPE = YES_ERROR;
				GCC_WARN_UNDECLARED_SELECTOR = YES;
				GCC_WARN_UNINITIALIZED_AUTOS = YES_AGGRESSIVE;
				GCC_WARN_UNUSED_FUNCTION = YES;
				GCC_WARN_UNUSED_VARIABLE = YES;
				LOCALIZATION_PREFERS_STRING_CATALOGS = YES;
				MTL_ENABLE_DEBUG_INFO = INCLUDE_SOURCE;
				MTL_FAST_MATH = YES;
				ONLY_ACTIVE_ARCH = YES;
				SWIFT_ACTIVE_COMPILATION_CONDITIONS = "DEBUG $(inherited)";
				SWIFT_OPTIMIZATION_LEVEL = "-Onone";
			};
			name = Debug;
		};
		50AF8C742C69E039004A421C /* Release */ = {
			isa = XCBuildConfiguration;
			buildSettings = {
				ALWAYS_SEARCH_USER_PATHS = NO;
				ASSETCATALOG_COMPILER_GENERATE_SWIFT_ASSET_SYMBOL_EXTENSIONS = YES;
				CLANG_ANALYZER_NONNULL = YES;
				CLANG_ANALYZER_NUMBER_OBJECT_CONVERSION = YES_AGGRESSIVE;
				CLANG_CXX_LANGUAGE_STANDARD = "gnu++20";
				CLANG_ENABLE_MODULES = YES;
				CLANG_ENABLE_OBJC_ARC = YES;
				CLANG_ENABLE_OBJC_WEAK = YES;
				CLANG_WARN_BLOCK_CAPTURE_AUTORELEASING = YES;
				CLANG_WARN_BOOL_CONVERSION = YES;
				CLANG_WARN_COMMA = YES;
				CLANG_WARN_CONSTANT_CONVERSION = YES;
				CLANG_WARN_DEPRECATED_OBJC_IMPLEMENTATIONS = YES;
				CLANG_WARN_DIRECT_OBJC_ISA_USAGE = YES_ERROR;
				CLANG_WARN_DOCUMENTATION_COMMENTS = YES;
				CLANG_WARN_EMPTY_BODY = YES;
				CLANG_WARN_ENUM_CONVERSION = YES;
				CLANG_WARN_INFINITE_RECURSION = YES;
				CLANG_WARN_INT_CONVERSION = YES;
				CLANG_WARN_NON_LITERAL_NULL_CONVERSION = YES;
				CLANG_WARN_OBJC_IMPLICIT_RETAIN_SELF = YES;
				CLANG_WARN_OBJC_LITERAL_CONVERSION = YES;
				CLANG_WARN_OBJC_ROOT_CLASS = YES_ERROR;
				CLANG_WARN_QUOTED_INCLUDE_IN_FRAMEWORK_HEADER = YES;
				CLANG_WARN_RANGE_LOOP_ANALYSIS = YES;
				CLANG_WARN_STRICT_PROTOTYPES = YES;
				CLANG_WARN_SUSPICIOUS_MOVE = YES;
				CLANG_WARN_UNGUARDED_AVAILABILITY = YES_AGGRESSIVE;
				CLANG_WARN_UNREACHABLE_CODE = YES;
				CLANG_WARN__DUPLICATE_METHOD_MATCH = YES;
				COPY_PHASE_STRIP = NO;
				DEBUG_INFORMATION_FORMAT = "dwarf-with-dsym";
				ENABLE_NS_ASSERTIONS = NO;
				ENABLE_STRICT_OBJC_MSGSEND = YES;
				ENABLE_USER_SCRIPT_SANDBOXING = YES;
				GCC_C_LANGUAGE_STANDARD = gnu17;
				GCC_NO_COMMON_BLOCKS = YES;
				GCC_WARN_64_TO_32_BIT_CONVERSION = YES;
				GCC_WARN_ABOUT_RETURN_TYPE = YES_ERROR;
				GCC_WARN_UNDECLARED_SELECTOR = YES;
				GCC_WARN_UNINITIALIZED_AUTOS = YES_AGGRESSIVE;
				GCC_WARN_UNUSED_FUNCTION = YES;
				GCC_WARN_UNUSED_VARIABLE = YES;
				LOCALIZATION_PREFERS_STRING_CATALOGS = YES;
				MTL_ENABLE_DEBUG_INFO = NO;
				MTL_FAST_MATH = YES;
				SWIFT_COMPILATION_MODE = wholemodule;
			};
			name = Release;
		};
		50AF8C762C69E039004A421C /* Debug */ = {
			isa = XCBuildConfiguration;
			buildSettings = {
				ASSETCATALOG_COMPILER_APPICON_NAME = AppIcon;
				ASSETCATALOG_COMPILER_GLOBAL_ACCENT_COLOR_NAME = AccentColor;
				CODE_SIGN_ENTITLEMENTS = "PlayNewNew Watch App/PlayNewNew Watch App.entitlements";
				CODE_SIGN_STYLE = Automatic;
				CURRENT_PROJECT_VERSION = 241019;
				DEVELOPMENT_ASSET_PATHS = "\"PlayNewNew Watch App/Preview Content\"";
				DEVELOPMENT_TEAM = R7PHPV8K99;
				ENABLE_PREVIEWS = YES;
				GENERATE_INFOPLIST_FILE = YES;
				INFOPLIST_FILE = "PlayNewNew-Watch-App-Info.plist";
				INFOPLIST_KEY_CFBundleDisplayName = "牛牛挤奶";
				INFOPLIST_KEY_NSHealthShareUsageDescription = "用于检测运动时的心率并生成健康报告";
				INFOPLIST_KEY_NSHealthUpdateUsageDescription = "用于检测运动时的心率并生成健康报告";
				INFOPLIST_KEY_UISupportedInterfaceOrientations = "UIInterfaceOrientationPortrait UIInterfaceOrientationPortraitUpsideDown";
				INFOPLIST_KEY_WKWatchOnly = YES;
				LD_RUNPATH_SEARCH_PATHS = (
					"$(inherited)",
					"@executable_path/Frameworks",
				);
				MARKETING_VERSION = 1.3.5;
				PRODUCT_BUNDLE_IDENTIFIER = crs.PlayNewNew.watchkitapp;
				PRODUCT_NAME = "$(TARGET_NAME)";
				SDKROOT = watchos;
				SKIP_INSTALL = YES;
				SWIFT_EMIT_LOC_STRINGS = YES;
				SWIFT_VERSION = 5.0;
				TARGETED_DEVICE_FAMILY = 4;
				WATCHOS_DEPLOYMENT_TARGET = 8.0;
			};
			name = Debug;
		};
		50AF8C772C69E039004A421C /* Release */ = {
			isa = XCBuildConfiguration;
			buildSettings = {
				ASSETCATALOG_COMPILER_APPICON_NAME = AppIcon;
				ASSETCATALOG_COMPILER_GLOBAL_ACCENT_COLOR_NAME = AccentColor;
				CODE_SIGN_ENTITLEMENTS = "PlayNewNew Watch App/PlayNewNew Watch App.entitlements";
				CODE_SIGN_STYLE = Automatic;
				CURRENT_PROJECT_VERSION = 241019;
				DEVELOPMENT_ASSET_PATHS = "\"PlayNewNew Watch App/Preview Content\"";
				DEVELOPMENT_TEAM = R7PHPV8K99;
				ENABLE_PREVIEWS = YES;
				GENERATE_INFOPLIST_FILE = YES;
				INFOPLIST_FILE = "PlayNewNew-Watch-App-Info.plist";
				INFOPLIST_KEY_CFBundleDisplayName = "牛牛挤奶";
				INFOPLIST_KEY_NSHealthShareUsageDescription = "用于检测运动时的心率并生成健康报告";
				INFOPLIST_KEY_NSHealthUpdateUsageDescription = "用于检测运动时的心率并生成健康报告";
				INFOPLIST_KEY_UISupportedInterfaceOrientations = "UIInterfaceOrientationPortrait UIInterfaceOrientationPortraitUpsideDown";
				INFOPLIST_KEY_WKWatchOnly = YES;
				LD_RUNPATH_SEARCH_PATHS = (
					"$(inherited)",
					"@executable_path/Frameworks",
				);
				MARKETING_VERSION = 1.3.5;
				PRODUCT_BUNDLE_IDENTIFIER = crs.PlayNewNew.watchkitapp;
				PRODUCT_NAME = "$(TARGET_NAME)";
				SDKROOT = watchos;
				SKIP_INSTALL = YES;
				SWIFT_EMIT_LOC_STRINGS = YES;
				SWIFT_VERSION = 5.0;
				TARGETED_DEVICE_FAMILY = 4;
				VALIDATE_PRODUCT = YES;
				WATCHOS_DEPLOYMENT_TARGET = 8.0;
			};
			name = Release;
		};
		50AF8C7A2C69E039004A421C /* Debug */ = {
			isa = XCBuildConfiguration;
			buildSettings = {
				ALWAYS_EMBED_SWIFT_STANDARD_LIBRARIES = YES;
				CLANG_ENABLE_MODULES = YES;
				CODE_SIGN_STYLE = Automatic;
				CURRENT_PROJECT_VERSION = 241019;
				DEVELOPMENT_TEAM = R7PHPV8K99;
				INFOPLIST_KEY_CFBundleDisplayName = PlayNewNew;
				MARKETING_VERSION = 1.3.5;
				PRODUCT_BUNDLE_IDENTIFIER = crs.PlayNewNew;
				PRODUCT_NAME = "$(TARGET_NAME)";
				SDKROOT = iphoneos;
				SWIFT_OPTIMIZATION_LEVEL = "-Onone";
				SWIFT_VERSION = 5.0;
			};
			name = Debug;
		};
		50AF8C7B2C69E039004A421C /* Release */ = {
			isa = XCBuildConfiguration;
			buildSettings = {
				ALWAYS_EMBED_SWIFT_STANDARD_LIBRARIES = YES;
				CLANG_ENABLE_MODULES = YES;
				CODE_SIGN_STYLE = Automatic;
				CURRENT_PROJECT_VERSION = 241019;
				DEVELOPMENT_TEAM = R7PHPV8K99;
				INFOPLIST_KEY_CFBundleDisplayName = PlayNewNew;
				MARKETING_VERSION = 1.3.5;
				PRODUCT_BUNDLE_IDENTIFIER = crs.PlayNewNew;
				PRODUCT_NAME = "$(TARGET_NAME)";
				SDKROOT = iphoneos;
				SWIFT_VERSION = 5.0;
				VALIDATE_PRODUCT = YES;
			};
			name = Release;
		};
/* End XCBuildConfiguration section */

/* Begin XCConfigurationList section */
		50AF8C462C69E037004A421C /* Build configuration list for PBXProject "PlayNewNew" */ = {
			isa = XCConfigurationList;
			buildConfigurations = (
				50AF8C732C69E039004A421C /* Debug */,
				50AF8C742C69E039004A421C /* Release */,
			);
			defaultConfigurationIsVisible = 0;
			defaultConfigurationName = Release;
		};
		50AF8C752C69E039004A421C /* Build configuration list for PBXNativeTarget "PlayNewNew Watch App" */ = {
			isa = XCConfigurationList;
			buildConfigurations = (
				50AF8C762C69E039004A421C /* Debug */,
				50AF8C772C69E039004A421C /* Release */,
			);
			defaultConfigurationIsVisible = 0;
			defaultConfigurationName = Release;
		};
		50AF8C792C69E039004A421C /* Build configuration list for PBXNativeTarget "PlayNewNew" */ = {
			isa = XCConfigurationList;
			buildConfigurations = (
				50AF8C7A2C69E039004A421C /* Debug */,
				50AF8C7B2C69E039004A421C /* Release */,
			);
			defaultConfigurationIsVisible = 0;
			defaultConfigurationName = Release;
		};
/* End XCConfigurationList section */
	};
	rootObject = 50AF8C432C69E037004A421C /* Project object */;
}
